
Microsoft Visual Studio Solution File, Format Version 12.00
# Visual Studio Version 17
VisualStudioVersion = 17.10.35122.118
MinimumVisualStudioVersion = 10.0.40219.1
Project("{FAE04EC0-301F-11D3-BF4B-00C04F79EFBC}") = "BACKEND-ASP.NET-WEB-API", "BACKEND-ASP.NET-WEB-API.csproj", "{4ADE278A-B9C0-4D73-BEC5-2813981ABC1D}"
EndProject
Global
	GlobalSection(SolutionConfigurationPlatforms) = preSolution
		Debug|Any CPU = Debug|Any CPU
		Release|Any CPU = Release|Any CPU
	EndGlobalSection
	GlobalSection(ProjectConfigurationPlatforms) = postSolution
		{4ADE278A-B9C0-4D73-BEC5-2813981ABC1D}.Debug|Any CPU.ActiveCfg = Debug|Any CPU
		{4ADE278A-B9C0-4D73-BEC5-2813981ABC1D}.Debug|Any CPU.Build.0 = Debug|Any CPU
		{4ADE278A-B9C0-4D73-BEC5-2813981ABC1D}.Release|Any CPU.ActiveCfg = Release|Any CPU
		{4ADE278A-B9C0-4D73-BEC5-2813981ABC1D}.Release|Any CPU.Build.0 = Release|Any CPU
	EndGlobalSection
	GlobalSection(SolutionProperties) = preSolution
		HideSolutionNode = FALSE
	EndGlobalSection
	GlobalSection(ExtensibilityGlobals) = postSolution
		SolutionGuid = {02B99216-8089-413A-AB1D-6CF96D241F87}
	EndGlobalSection
EndGlobal
